
Microsoft Visual Studio Solution File, Format Version 12.00
# Visual Studio Version 17
VisualStudioVersion = 17.5.002.0
MinimumVisualStudioVersion = 10.0.40219.1
Project("{9A19103F-16F7-4668-BE54-9A1E7A4F7556}") = "ElsaWebMultiDb", "ElsaWebMultiDb.csproj", "{BBEA7CBB-77F3-473F-B5FC-9914F5135342}"
EndProject
Global
	GlobalSection(SolutionConfigurationPlatforms) = preSolution
		Debug|Any CPU = Debug|Any CPU
		Release|Any CPU = Release|Any CPU
	EndGlobalSection
	GlobalSection(ProjectConfigurationPlatforms) = postSolution
		{BBEA7CBB-77F3-473F-B5FC-9914F5135342}.Debug|Any CPU.ActiveCfg = Debug|Any CPU
		{BBEA7CBB-77F3-473F-B5FC-9914F5135342}.Debug|Any CPU.Build.0 = Debug|Any CPU
		{BBEA7CBB-77F3-473F-B5FC-9914F5135342}.Release|Any CPU.ActiveCfg = Release|Any CPU
		{BBEA7CBB-77F3-473F-B5FC-9914F5135342}.Release|Any CPU.Build.0 = Release|Any CPU
	EndGlobalSection
	GlobalSection(SolutionProperties) = preSolution
		HideSolutionNode = FALSE
	EndGlobalSection
	GlobalSection(ExtensibilityGlobals) = postSolution
		SolutionGuid = {AAED69B3-151C-4A65-A9AE-893F9EE090E6}
	EndGlobalSection
EndGlobal
